{
  "pins" : [
    {
      "identity" : "ushursdk-ios-samples",
      "kind" : "remoteSourceControl",
      "location" : "https://github.com/UshurInc/UshurSDK-iOS-Samples.git",
      "state" : {
        "branch" : "master",
        "revision" : "7c7cafc3f260ff1425e9fb602088cddc4bb7144c"
      }
    }
  ],
  "version" : 2
}
