{
  "pins" : [
    {
      "identity" : "ushurmobilesdk",
      "kind" : "remoteSourceControl",
      "location" : "https://github.com/UshurInc/UshurMobileSDK.git",
      "state" : {
        "branch" : "master",
        "revision" : "c723254be00bae91e35f48d1b4c8f842a55ba64f"
      }
    }
  ],
  "version" : 2
}
