// !$*UTF8*$!
{
	archiveVersion = 1;
	classes = {
	};
	objectVersion = 56;
	objects = {

/* Begin PBXBuildFile section */
		1BD81FE42A96075F001223EF /* UshurSDK in Frameworks */ = {isa = PBXBuildFile; productRef = 1BD81FE32A96075F001223EF /* UshurSDK */; };
		1F0CBFB82A6E9BEB00C9ED48 /* AppDelegate.swift in Sources */ = {isa = PBXBuildFile; fileRef = 1F0CBFB72A6E9BEB00C9ED48 /* AppDelegate.swift */; };
		1F0CBFBA2A6E9BEB00C9ED48 /* SceneDelegate.swift in Sources */ = {isa = PBXBuildFile; fileRef = 1F0CBFB92A6E9BEB00C9ED48 /* SceneDelegate.swift */; };
		1F0CBFBC2A6E9BEB00C9ED48 /* ViewController.swift in Sources */ = {isa = PBXBuildFile; fileRef = 1F0CBFBB2A6E9BEB00C9ED48 /* ViewController.swift */; };
		1F0CBFBF2A6E9BEB00C9ED48 /* Main.storyboard in Resources */ = {isa = PBXBuildFile; fileRef = 1F0CBFBD2A6E9BEB00C9ED48 /* Main.storyboard */; };
		1F0CBFC22A6E9BEB00C9ED48 /* ushur_sdk_demo.xcdatamodeld in Sources */ = {isa = PBXBuildFile; fileRef = 1F0CBFC02A6E9BEB00C9ED48 /* ushur_sdk_demo.xcdatamodeld */; };
		1F0CBFC42A6E9BED00C9ED48 /* Assets.xcassets in Resources */ = {isa = PBXBuildFile; fileRef = 1F0CBFC32A6E9BED00C9ED48 /* Assets.xcassets */; };
		1F0CBFC72A6E9BED00C9ED48 /* LaunchScreen.storyboard in Resources */ = {isa = PBXBuildFile; fileRef = 1F0CBFC52A6E9BED00C9ED48 /* LaunchScreen.storyboard */; };
		1F0CBFD02A6EA8C800C9ED48 /* ImageCollectionViewCell.swift in Sources */ = {isa = PBXBuildFile; fileRef = 1F0CBFCE2A6EA8C800C9ED48 /* ImageCollectionViewCell.swift */; };
		1F0CBFD12A6EA8C800C9ED48 /* ImageCollectionViewCell.xib in Resources */ = {isa = PBXBuildFile; fileRef = 1F0CBFCF2A6EA8C800C9ED48 /* ImageCollectionViewCell.xib */; };
		1FD5B57C2A6F971E00AF46E5 /* ImagePicker.swift in Sources */ = {isa = PBXBuildFile; fileRef = 1FD5B57B2A6F971E00AF46E5 /* ImagePicker.swift */; };
/* End PBXBuildFile section */

/* Begin PBXCopyFilesBuildPhase section */
		1FD7DE4F2A7B8F3300D01731 /* Embed Frameworks */ = {
			isa = PBXCopyFilesBuildPhase;
			buildActionMask = 2147483647;
			dstPath = "";
			dstSubfolderSpec = 10;
			files = (
			);
			name = "Embed Frameworks";
			runOnlyForDeploymentPostprocessing = 0;
		};
/* End PBXCopyFilesBuildPhase section */

/* Begin PBXFileReference section */
		1F0CBFB42A6E9BEB00C9ED48 /* ushur_sdk_demo.app */ = {isa = PBXFileReference; explicitFileType = wrapper.application; includeInIndex = 0; path = ushur_sdk_demo.app; sourceTree = BUILT_PRODUCTS_DIR; };
		1F0CBFB72A6E9BEB00C9ED48 /* AppDelegate.swift */ = {isa = PBXFileReference; lastKnownFileType = sourcecode.swift; path = AppDelegate.swift; sourceTree = "<group>"; };
		1F0CBFB92A6E9BEB00C9ED48 /* SceneDelegate.swift */ = {isa = PBXFileReference; lastKnownFileType = sourcecode.swift; path = SceneDelegate.swift; sourceTree = "<group>"; };
		1F0CBFBB2A6E9BEB00C9ED48 /* ViewController.swift */ = {isa = PBXFileReference; lastKnownFileType = sourcecode.swift; path = ViewController.swift; sourceTree = "<group>"; };
		1F0CBFBE2A6E9BEB00C9ED48 /* Base */ = {isa = PBXFileReference; lastKnownFileType = file.storyboard; name = Base; path = Base.lproj/Main.storyboard; sourceTree = "<group>"; };
		1F0CBFC12A6E9BEB00C9ED48 /* ushur_sdk_demo.xcdatamodel */ = {isa = PBXFileReference; lastKnownFileType = wrapper.xcdatamodel; path = ushur_sdk_demo.xcdatamodel; sourceTree = "<group>"; };
		1F0CBFC32A6E9BED00C9ED48 /* Assets.xcassets */ = {isa = PBXFileReference; lastKnownFileType = folder.assetcatalog; path = Assets.xcassets; sourceTree = "<group>"; };
		1F0CBFC62A6E9BED00C9ED48 /* Base */ = {isa = PBXFileReference; lastKnownFileType = file.storyboard; name = Base; path = Base.lproj/LaunchScreen.storyboard; sourceTree = "<group>"; };
		1F0CBFC82A6E9BED00C9ED48 /* Info.plist */ = {isa = PBXFileReference; lastKnownFileType = text.plist.xml; path = Info.plist; sourceTree = "<group>"; };
		1F0CBFCE2A6EA8C800C9ED48 /* ImageCollectionViewCell.swift */ = {isa = PBXFileReference; lastKnownFileType = sourcecode.swift; path = ImageCollectionViewCell.swift; sourceTree = "<group>"; };
		1F0CBFCF2A6EA8C800C9ED48 /* ImageCollectionViewCell.xib */ = {isa = PBXFileReference; lastKnownFileType = file.xib; path = ImageCollectionViewCell.xib; sourceTree = "<group>"; };
		1FD5B57B2A6F971E00AF46E5 /* ImagePicker.swift */ = {isa = PBXFileReference; lastKnownFileType = sourcecode.swift; path = ImagePicker.swift; sourceTree = "<group>"; };
/* End PBXFileReference section */

/* Begin PBXFrameworksBuildPhase section */
		1F0CBFB12A6E9BEB00C9ED48 /* Frameworks */ = {
			isa = PBXFrameworksBuildPhase;
			buildActionMask = 2147483647;
			files = (
				1BD81FE42A96075F001223EF /* UshurSDK in Frameworks */,
			);
			runOnlyForDeploymentPostprocessing = 0;
		};
/* End PBXFrameworksBuildPhase section */

/* Begin PBXGroup section */
		1B41DB282A9393F200E0A2AF /* Frameworks */ = {
			isa = PBXGroup;
			children = (
			);
			name = Frameworks;
			sourceTree = "<group>";
		};
		1F0CBFAB2A6E9BEB00C9ED48 = {
			isa = PBXGroup;
			children = (
				1F0CBFB62A6E9BEB00C9ED48 /* ushur_sdk_demo */,
				1F0CBFB52A6E9BEB00C9ED48 /* Products */,
				1B41DB282A9393F200E0A2AF /* Frameworks */,
			);
			sourceTree = "<group>";
		};
		1F0CBFB52A6E9BEB00C9ED48 /* Products */ = {
			isa = PBXGroup;
			children = (
				1F0CBFB42A6E9BEB00C9ED48 /* ushur_sdk_demo.app */,
			);
			name = Products;
			sourceTree = "<group>";
		};
		1F0CBFB62A6E9BEB00C9ED48 /* ushur_sdk_demo */ = {
			isa = PBXGroup;
			children = (
				1F0CBFB72A6E9BEB00C9ED48 /* AppDelegate.swift */,
				1F0CBFB92A6E9BEB00C9ED48 /* SceneDelegate.swift */,
				1F0CBFBB2A6E9BEB00C9ED48 /* ViewController.swift */,
				1F0CBFBD2A6E9BEB00C9ED48 /* Main.storyboard */,
				1F0CBFC32A6E9BED00C9ED48 /* Assets.xcassets */,
				1F0CBFC52A6E9BED00C9ED48 /* LaunchScreen.storyboard */,
				1F0CBFC82A6E9BED00C9ED48 /* Info.plist */,
				1F0CBFC02A6E9BEB00C9ED48 /* ushur_sdk_demo.xcdatamodeld */,
				1F0CBFCE2A6EA8C800C9ED48 /* ImageCollectionViewCell.swift */,
				1F0CBFCF2A6EA8C800C9ED48 /* ImageCollectionViewCell.xib */,
				1FD5B57B2A6F971E00AF46E5 /* ImagePicker.swift */,
			);
			path = ushur_sdk_demo;
			sourceTree = "<group>";
		};
/* End PBXGroup section */

/* Begin PBXNativeTarget section */
		1F0CBFB32A6E9BEB00C9ED48 /* ushur_sdk_demo */ = {
			isa = PBXNativeTarget;
			buildConfigurationList = 1F0CBFCB2A6E9BED00C9ED48 /* Build configuration list for PBXNativeTarget "ushur_sdk_demo" */;
			buildPhases = (
				1F0CBFB02A6E9BEB00C9ED48 /* Sources */,
				1F0CBFB12A6E9BEB00C9ED48 /* Frameworks */,
				1F0CBFB22A6E9BEB00C9ED48 /* Resources */,
				1FD7DE4F2A7B8F3300D01731 /* Embed Frameworks */,
			);
			buildRules = (
			);
			dependencies = (
			);
			name = ushur_sdk_demo;
			packageProductDependencies = (
				1BD81FE32A96075F001223EF /* UshurSDK */,
			);
			productName = ushur_sdk_demo;
			productReference = 1F0CBFB42A6E9BEB00C9ED48 /* ushur_sdk_demo.app */;
			productType = "com.apple.product-type.application";
		};
/* End PBXNativeTarget section */

/* Begin PBXProject section */
		1F0CBFAC2A6E9BEB00C9ED48 /* Project object */ = {
			isa = PBXProject;
			attributes = {
				BuildIndependentTargetsInParallel = 1;
				LastSwiftUpdateCheck = 1430;
				LastUpgradeCheck = 1430;
				TargetAttributes = {
					1F0CBFB32A6E9BEB00C9ED48 = {
						CreatedOnToolsVersion = 14.3;
					};
				};
			};
			buildConfigurationList = 1F0CBFAF2A6E9BEB00C9ED48 /* Build configuration list for PBXProject "ushur_sdk_demo" */;
			compatibilityVersion = "Xcode 14.0";
			developmentRegion = en;
			hasScannedForEncodings = 0;
			knownRegions = (
				en,
				Base,
			);
			mainGroup = 1F0CBFAB2A6E9BEB00C9ED48;
			packageReferences = (
				1BD81FE22A96075F001223EF /* XCRemoteSwiftPackageReference "UshurSDK-iOS-Samples" */,
			);
			productRefGroup = 1F0CBFB52A6E9BEB00C9ED48 /* Products */;
			projectDirPath = "";
			projectRoot = "";
			targets = (
				1F0CBFB32A6E9BEB00C9ED48 /* ushur_sdk_demo */,
			);
		};
/* End PBXProject section */

/* Begin PBXResourcesBuildPhase section */
		1F0CBFB22A6E9BEB00C9ED48 /* Resources */ = {
			isa = PBXResourcesBuildPhase;
			buildActionMask = 2147483647;
			files = (
				1F0CBFC72A6E9BED00C9ED48 /* LaunchScreen.storyboard in Resources */,
				1F0CBFC42A6E9BED00C9ED48 /* Assets.xcassets in Resources */,
				1F0CBFD12A6EA8C800C9ED48 /* ImageCollectionViewCell.xib in Resources */,
				1F0CBFBF2A6E9BEB00C9ED48 /* Main.storyboard in Resources */,
			);
			runOnlyForDeploymentPostprocessing = 0;
		};
/* End PBXResourcesBuildPhase section */

/* Begin PBXSourcesBuildPhase section */
		1F0CBFB02A6E9BEB00C9ED48 /* Sources */ = {
			isa = PBXSourcesBuildPhase;
			buildActionMask = 2147483647;
			files = (
				1F0CBFBC2A6E9BEB00C9ED48 /* ViewController.swift in Sources */,
				1F0CBFD02A6EA8C800C9ED48 /* ImageCollectionViewCell.swift in Sources */,
				1F0CBFB82A6E9BEB00C9ED48 /* AppDelegate.swift in Sources */,
				1FD5B57C2A6F971E00AF46E5 /* ImagePicker.swift in Sources */,
				1F0CBFBA2A6E9BEB00C9ED48 /* SceneDelegate.swift in Sources */,
				1F0CBFC22A6E9BEB00C9ED48 /* ushur_sdk_demo.xcdatamodeld in Sources */,
			);
			runOnlyForDeploymentPostprocessing = 0;
		};
/* End PBXSourcesBuildPhase section */

/* Begin PBXVariantGroup section */
		1F0CBFBD2A6E9BEB00C9ED48 /* Main.storyboard */ = {
			isa = PBXVariantGroup;
			children = (
				1F0CBFBE2A6E9BEB00C9ED48 /* Base */,
			);
			name = Main.storyboard;
			sourceTree = "<group>";
		};
		1F0CBFC52A6E9BED00C9ED48 /* LaunchScreen.storyboard */ = {
			isa = PBXVariantGroup;
			children = (
				1F0CBFC62A6E9BED00C9ED48 /* Base */,
			);
			name = LaunchScreen.storyboard;
			sourceTree = "<group>";
		};
/* End PBXVariantGroup section */

/* Begin XCBuildConfiguration section */
		1F0CBFC92A6E9BED00C9ED48 /* Debug */ = {
			isa = XCBuildConfiguration;
			buildSettings = {
				ALWAYS_SEARCH_USER_PATHS = NO;
				CLANG_ANALYZER_NONNULL = YES;
				CLANG_ANALYZER_NUMBER_OBJECT_CONVERSION = YES_AGGRESSIVE;
				CLANG_CXX_LANGUAGE_STANDARD = "gnu++20";
				CLANG_ENABLE_MODULES = YES;
				CLANG_ENABLE_OBJC_ARC = YES;
				CLANG_ENABLE_OBJC_WEAK = YES;
				CLANG_WARN_BLOCK_CAPTURE_AUTORELEASING = YES;
				CLANG_WARN_BOOL_CONVERSION = YES;
				CLANG_WARN_COMMA = YES;
				CLANG_WARN_CONSTANT_CONVERSION = YES;
				CLANG_WARN_DEPRECATED_OBJC_IMPLEMENTATIONS = YES;
				CLANG_WARN_DIRECT_OBJC_ISA_USAGE = YES_ERROR;
				CLANG_WARN_DOCUMENTATION_COMMENTS = YES;
				CLANG_WARN_EMPTY_BODY = YES;
				CLANG_WARN_ENUM_CONVERSION = YES;
				CLANG_WARN_INFINITE_RECURSION = YES;
				CLANG_WARN_INT_CONVERSION = YES;
				CLANG_WARN_NON_LITERAL_NULL_CONVERSION = YES;
				CLANG_WARN_OBJC_IMPLICIT_RETAIN_SELF = YES;
				CLANG_WARN_OBJC_LITERAL_CONVERSION = YES;
				CLANG_WARN_OBJC_ROOT_CLASS = YES_ERROR;
				CLANG_WARN_QUOTED_INCLUDE_IN_FRAMEWORK_HEADER = YES;
				CLANG_WARN_RANGE_LOOP_ANALYSIS = YES;
				CLANG_WARN_STRICT_PROTOTYPES = YES;
				CLANG_WARN_SUSPICIOUS_MOVE = YES;
				CLANG_WARN_UNGUARDED_AVAILABILITY = YES_AGGRESSIVE;
				CLANG_WARN_UNREACHABLE_CODE = YES;
				CLANG_WARN__DUPLICATE_METHOD_MATCH = YES;
				COPY_PHASE_STRIP = NO;
				DEBUG_INFORMATION_FORMAT = dwarf;
				ENABLE_STRICT_OBJC_MSGSEND = YES;
				ENABLE_TESTABILITY = YES;
				GCC_C_LANGUAGE_STANDARD = gnu11;
				GCC_DYNAMIC_NO_PIC = NO;
				GCC_NO_COMMON_BLOCKS = YES;
				GCC_OPTIMIZATION_LEVEL = 0;
				GCC_PREPROCESSOR_DEFINITIONS = (
					"DEBUG=1",
					"$(inherited)",
				);
				GCC_WARN_64_TO_32_BIT_CONVERSION = YES;
				GCC_WARN_ABOUT_RETURN_TYPE = YES_ERROR;
				GCC_WARN_UNDECLARED_SELECTOR = YES;
				GCC_WARN_UNINITIALIZED_AUTOS = YES_AGGRESSIVE;
				GCC_WARN_UNUSED_FUNCTION = YES;
				GCC_WARN_UNUSED_VARIABLE = YES;
				IPHONEOS_DEPLOYMENT_TARGET = 16.4;
				MTL_ENABLE_DEBUG_INFO = INCLUDE_SOURCE;
				MTL_FAST_MATH = YES;
				ONLY_ACTIVE_ARCH = YES;
				SDKROOT = iphoneos;
				SWIFT_ACTIVE_COMPILATION_CONDITIONS = DEBUG;
				SWIFT_OPTIMIZATION_LEVEL = "-Onone";
			};
			name = Debug;
		};
		1F0CBFCA2A6E9BED00C9ED48 /* Release */ = {
			isa = XCBuildConfiguration;
			buildSettings = {
				ALWAYS_SEARCH_USER_PATHS = NO;
				CLANG_ANALYZER_NONNULL = YES;
				CLANG_ANALYZER_NUMBER_OBJECT_CONVERSION = YES_AGGRESSIVE;
				CLANG_CXX_LANGUAGE_STANDARD = "gnu++20";
				CLANG_ENABLE_MODULES = YES;
				CLANG_ENABLE_OBJC_ARC = YES;
				CLANG_ENABLE_OBJC_WEAK = YES;
				CLANG_WARN_BLOCK_CAPTURE_AUTORELEASING = YES;
				CLANG_WARN_BOOL_CONVERSION = YES;
				CLANG_WARN_COMMA = YES;
				CLANG_WARN_CONSTANT_CONVERSION = YES;
				CLANG_WARN_DEPRECATED_OBJC_IMPLEMENTATIONS = YES;
				CLANG_WARN_DIRECT_OBJC_ISA_USAGE = YES_ERROR;
				CLANG_WARN_DOCUMENTATION_COMMENTS = YES;
				CLANG_WARN_EMPTY_BODY = YES;
				CLANG_WARN_ENUM_CONVERSION = YES;
				CLANG_WARN_INFINITE_RECURSION = YES;
				CLANG_WARN_INT_CONVERSION = YES;
				CLANG_WARN_NON_LITERAL_NULL_CONVERSION = YES;
				CLANG_WARN_OBJC_IMPLICIT_RETAIN_SELF = YES;
				CLANG_WARN_OBJC_LITERAL_CONVERSION = YES;
				CLANG_WARN_OBJC_ROOT_CLASS = YES_ERROR;
				CLANG_WARN_QUOTED_INCLUDE_IN_FRAMEWORK_HEADER = YES;
				CLANG_WARN_RANGE_LOOP_ANALYSIS = YES;
				CLANG_WARN_STRICT_PROTOTYPES = YES;
				CLANG_WARN_SUSPICIOUS_MOVE = YES;
				CLANG_WARN_UNGUARDED_AVAILABILITY = YES_AGGRESSIVE;
				CLANG_WARN_UNREACHABLE_CODE = YES;
				CLANG_WARN__DUPLICATE_METHOD_MATCH = YES;
				COPY_PHASE_STRIP = NO;
				DEBUG_INFORMATION_FORMAT = "dwarf-with-dsym";
				ENABLE_NS_ASSERTIONS = NO;
				ENABLE_STRICT_OBJC_MSGSEND = YES;
				GCC_C_LANGUAGE_STANDARD = gnu11;
				GCC_NO_COMMON_BLOCKS = YES;
				GCC_WARN_64_TO_32_BIT_CONVERSION = YES;
				GCC_WARN_ABOUT_RETURN_TYPE = YES_ERROR;
				GCC_WARN_UNDECLARED_SELECTOR = YES;
				GCC_WARN_UNINITIALIZED_AUTOS = YES_AGGRESSIVE;
				GCC_WARN_UNUSED_FUNCTION = YES;
				GCC_WARN_UNUSED_VARIABLE = YES;
				IPHONEOS_DEPLOYMENT_TARGET = 16.4;
				MTL_ENABLE_DEBUG_INFO = NO;
				MTL_FAST_MATH = YES;
				SDKROOT = iphoneos;
				SWIFT_COMPILATION_MODE = wholemodule;
				SWIFT_OPTIMIZATION_LEVEL = "-O";
				VALIDATE_PRODUCT = YES;
			};
			name = Release;
		};
		1F0CBFCC2A6E9BED00C9ED48 /* Debug */ = {
			isa = XCBuildConfiguration;
			buildSettings = {
				ASSETCATALOG_COMPILER_APPICON_NAME = AppIcon;
				ASSETCATALOG_COMPILER_GLOBAL_ACCENT_COLOR_NAME = AccentColor;
				CODE_SIGN_IDENTITY = "Apple Development";
				CODE_SIGN_STYLE = Automatic;
				CURRENT_PROJECT_VERSION = 1;
				DEVELOPMENT_TEAM = 3GCVSY646J;
				FRAMEWORK_SEARCH_PATHS = (
					"$(inherited)",
					"$(PROJECT_DIR)/ushur_sdk_demo",
				);
				GENERATE_INFOPLIST_FILE = YES;
				INFOPLIST_FILE = ushur_sdk_demo/Info.plist;
				INFOPLIST_KEY_NSPhotoLibraryUsageDescription = "App needs to fetch images frrom your photo library ";
				INFOPLIST_KEY_UIApplicationSupportsIndirectInputEvents = YES;
				INFOPLIST_KEY_UILaunchStoryboardName = LaunchScreen;
				INFOPLIST_KEY_UIMainStoryboardFile = Main;
				INFOPLIST_KEY_UISupportedInterfaceOrientations = UIInterfaceOrientationPortrait;
				IPHONEOS_DEPLOYMENT_TARGET = 15.0;
				LD_RUNPATH_SEARCH_PATHS = (
					"$(inherited)",
					"@executable_path/Frameworks",
				);
				MARKETING_VERSION = 1.0;
				PRODUCT_BUNDLE_IDENTIFIER = "com.ushur.ios-sdk-demo";
				PRODUCT_NAME = "$(TARGET_NAME)";
				PROVISIONING_PROFILE_SPECIFIER = "";
				SUPPORTED_PLATFORMS = "iphoneos iphonesimulator";
				SUPPORTS_MACCATALYST = NO;
				SUPPORTS_MAC_DESIGNED_FOR_IPHONE_IPAD = YES;
				SWIFT_EMIT_LOC_STRINGS = YES;
				SWIFT_VERSION = 5.0;
				TARGETED_DEVICE_FAMILY = 1;
			};
			name = Debug;
		};
		1F0CBFCD2A6E9BED00C9ED48 /* Release */ = {
			isa = XCBuildConfiguration;
			buildSettings = {
				ASSETCATALOG_COMPILER_APPICON_NAME = AppIcon;
				ASSETCATALOG_COMPILER_GLOBAL_ACCENT_COLOR_NAME = AccentColor;
				CODE_SIGN_STYLE = Manual;
				CURRENT_PROJECT_VERSION = 1;
				DEVELOPMENT_TEAM = "";
				FRAMEWORK_SEARCH_PATHS = (
					"$(inherited)",
					"$(PROJECT_DIR)/ushur_sdk_demo",
				);
				GENERATE_INFOPLIST_FILE = YES;
				INFOPLIST_FILE = ushur_sdk_demo/Info.plist;
				INFOPLIST_KEY_NSPhotoLibraryUsageDescription = "App needs to fetch images frrom your photo library ";
				INFOPLIST_KEY_UIApplicationSupportsIndirectInputEvents = YES;
				INFOPLIST_KEY_UILaunchStoryboardName = LaunchScreen;
				INFOPLIST_KEY_UIMainStoryboardFile = Main;
				INFOPLIST_KEY_UISupportedInterfaceOrientations = UIInterfaceOrientationPortrait;
				IPHONEOS_DEPLOYMENT_TARGET = 15.0;
				LD_RUNPATH_SEARCH_PATHS = (
					"$(inherited)",
					"@executable_path/Frameworks",
				);
				MARKETING_VERSION = 1.0;
				PRODUCT_BUNDLE_IDENTIFIER = "com.ushur.ios-sdk-demo";
				PRODUCT_NAME = "$(TARGET_NAME)";
				PROVISIONING_PROFILE_SPECIFIER = "";
				SUPPORTED_PLATFORMS = "iphoneos iphonesimulator";
				SUPPORTS_MACCATALYST = NO;
				SUPPORTS_MAC_DESIGNED_FOR_IPHONE_IPAD = YES;
				SWIFT_EMIT_LOC_STRINGS = YES;
				SWIFT_VERSION = 5.0;
				TARGETED_DEVICE_FAMILY = 1;
			};
			name = Release;
		};
/* End XCBuildConfiguration section */

/* Begin XCConfigurationList section */
		1F0CBFAF2A6E9BEB00C9ED48 /* Build configuration list for PBXProject "ushur_sdk_demo" */ = {
			isa = XCConfigurationList;
			buildConfigurations = (
				1F0CBFC92A6E9BED00C9ED48 /* Debug */,
				1F0CBFCA2A6E9BED00C9ED48 /* Release */,
			);
			defaultConfigurationIsVisible = 0;
			defaultConfigurationName = Release;
		};
		1F0CBFCB2A6E9BED00C9ED48 /* Build configuration list for PBXNativeTarget "ushur_sdk_demo" */ = {
			isa = XCConfigurationList;
			buildConfigurations = (
				1F0CBFCC2A6E9BED00C9ED48 /* Debug */,
				1F0CBFCD2A6E9BED00C9ED48 /* Release */,
			);
			defaultConfigurationIsVisible = 0;
			defaultConfigurationName = Release;
		};
/* End XCConfigurationList section */

/* Begin XCRemoteSwiftPackageReference section */
		1BD81FE22A96075F001223EF /* XCRemoteSwiftPackageReference "UshurSDK-iOS-Samples" */ = {
			isa = XCRemoteSwiftPackageReference;
			repositoryURL = "https://github.com/UshurInc/UshurSDK-iOS-Samples.git";
			requirement = {
				branch = master;
				kind = branch;
			};
		};
/* End XCRemoteSwiftPackageReference section */

/* Begin XCSwiftPackageProductDependency section */
		1BD81FE32A96075F001223EF /* UshurSDK */ = {
			isa = XCSwiftPackageProductDependency;
			package = 1BD81FE22A96075F001223EF /* XCRemoteSwiftPackageReference "UshurSDK-iOS-Samples" */;
			productName = UshurSDK;
		};
/* End XCSwiftPackageProductDependency section */

/* Begin XCVersionGroup section */
		1F0CBFC02A6E9BEB00C9ED48 /* ushur_sdk_demo.xcdatamodeld */ = {
			isa = XCVersionGroup;
			children = (
				1F0CBFC12A6E9BEB00C9ED48 /* ushur_sdk_demo.xcdatamodel */,
			);
			currentVersion = 1F0CBFC12A6E9BEB00C9ED48 /* ushur_sdk_demo.xcdatamodel */;
			path = ushur_sdk_demo.xcdatamodeld;
			sourceTree = "<group>";
			versionGroupType = wrapper.xcdatamodel;
		};
/* End XCVersionGroup section */
	};
	rootObject = 1F0CBFAC2A6E9BEB00C9ED48 /* Project object */;
}
