{
  "pins" : [
    {
      "identity" : "ushursdk-ios-samples",
      "kind" : "remoteSourceControl",
      "location" : "https://github.com/UshurInc/UshurSDK-iOS-Samples.git",
      "state" : {
        "branch" : "master",
        "revision" : "66e0a1ef309a150aebba01fbff2abfb23a2b8280"
      }
    }
  ],
  "version" : 2
}
