{
  "pins" : [
    {
      "identity" : "ushursdk-ios-samples",
      "kind" : "remoteSourceControl",
      "location" : "https://github.com/UshurInc/UshurSDK-iOS-Samples.git",
      "state" : {
        "branch" : "master",
        "revision" : "380c04bc625da055e61d374448b47469ddb8536b"
      }
    }
  ],
  "version" : 2
}
